
Microsoft Visual Studio Solution File, Format Version 12.00
# Visual Studio 14
VisualStudioVersion = 14.0.25420.1
MinimumVisualStudioVersion = 10.0.40219.1
Project("{2150E333-8FDC-42A3-9474-1A3956D46DE8}") = "Clients", "Clients", "{A14FA8F2-BE15-47B8-ADE9-EA6D2BB9DD12}"
EndProject
Project("{2150E333-8FDC-42A3-9474-1A3956D46DE8}") = "Servers", "Servers", "{721A6B1A-C513-466A-8528-C0A0EC633749}"
EndProject
Project("{2150E333-8FDC-42A3-9474-1A3956D46DE8}") = "PubSub", "PubSub", "{287B5B14-4942-489E-9A30-570B24B7B9CC}"
EndProject
Project("{2150E333-8FDC-42A3-9474-1A3956D46DE8}") = "ReqRes", "ReqRes", "{AC05B945-C30F-44ED-8880-81F3FF8BD225}"
EndProject
Project("{2150E333-8FDC-42A3-9474-1A3956D46DE8}") = "ReqRes", "ReqRes", "{1D481E94-B406-467A-B95D-6EE5CB01AE63}"
EndProject
Project("{2150E333-8FDC-42A3-9474-1A3956D46DE8}") = "PubSub", "PubSub", "{B1FB7EA7-F0A2-4E88-B0AA-1A9F7D188A8D}"
EndProject
Project("{2150E333-8FDC-42A3-9474-1A3956D46DE8}") = "Solution Items", "Solution Items", "{A83830A3-8A14-446E-9986-D4408B451A23}"
	ProjectSection(SolutionItems) = preProject
		README.md = README.md
	EndProjectSection
EndProject
Project("{8BC9CEB8-8B4A-11D0-8D11-00A0C91BC942}") = "ZeroMQTest1", "Servers\ReqRes\ZeroMQTest1\ZeroMQTest1.vcxproj", "{D12FB4EE-DA31-48C6-90A4-632E8378CE80}"
EndProject
Project("{8BC9CEB8-8B4A-11D0-8D11-00A0C91BC942}") = "Publisher", "Servers\PubSub\Publisher\Publisher.vcxproj", "{1525932D-9C37-4631-9F9E-B4244A75EEC3}"
EndProject
Project("{8BC9CEB8-8B4A-11D0-8D11-00A0C91BC942}") = "zmqClient1", "Clients\ReqRes\zmqClient1\zmqClient1.vcxproj", "{67D72E6E-D316-4965-8200-0D4BA06FA134}"
EndProject
Project("{8BC9CEB8-8B4A-11D0-8D11-00A0C91BC942}") = "Receiver", "Clients\PubSub\Receiver\Receiver.vcxproj", "{FEFB4EC5-EA85-4FA8-BDFE-4E9C3A518478}"
EndProject
Global
	GlobalSection(SolutionConfigurationPlatforms) = preSolution
		Debug|x64 = Debug|x64
		Debug|x86 = Debug|x86
		Release|x64 = Release|x64
		Release|x86 = Release|x86
	EndGlobalSection
	GlobalSection(ProjectConfigurationPlatforms) = postSolution
		{D12FB4EE-DA31-48C6-90A4-632E8378CE80}.Debug|x64.ActiveCfg = Debug|x64
		{D12FB4EE-DA31-48C6-90A4-632E8378CE80}.Debug|x64.Build.0 = Debug|x64
		{D12FB4EE-DA31-48C6-90A4-632E8378CE80}.Debug|x86.ActiveCfg = Debug|Win32
		{D12FB4EE-DA31-48C6-90A4-632E8378CE80}.Debug|x86.Build.0 = Debug|Win32
		{D12FB4EE-DA31-48C6-90A4-632E8378CE80}.Release|x64.ActiveCfg = Release|x64
		{D12FB4EE-DA31-48C6-90A4-632E8378CE80}.Release|x64.Build.0 = Release|x64
		{D12FB4EE-DA31-48C6-90A4-632E8378CE80}.Release|x86.ActiveCfg = Release|Win32
		{D12FB4EE-DA31-48C6-90A4-632E8378CE80}.Release|x86.Build.0 = Release|Win32
		{1525932D-9C37-4631-9F9E-B4244A75EEC3}.Debug|x64.ActiveCfg = Debug|x64
		{1525932D-9C37-4631-9F9E-B4244A75EEC3}.Debug|x64.Build.0 = Debug|x64
		{1525932D-9C37-4631-9F9E-B4244A75EEC3}.Debug|x86.ActiveCfg = Debug|Win32
		{1525932D-9C37-4631-9F9E-B4244A75EEC3}.Debug|x86.Build.0 = Debug|Win32
		{1525932D-9C37-4631-9F9E-B4244A75EEC3}.Release|x64.ActiveCfg = Release|x64
		{1525932D-9C37-4631-9F9E-B4244A75EEC3}.Release|x64.Build.0 = Release|x64
		{1525932D-9C37-4631-9F9E-B4244A75EEC3}.Release|x86.ActiveCfg = Release|Win32
		{1525932D-9C37-4631-9F9E-B4244A75EEC3}.Release|x86.Build.0 = Release|Win32
		{67D72E6E-D316-4965-8200-0D4BA06FA134}.Debug|x64.ActiveCfg = Debug|x64
		{67D72E6E-D316-4965-8200-0D4BA06FA134}.Debug|x64.Build.0 = Debug|x64
		{67D72E6E-D316-4965-8200-0D4BA06FA134}.Debug|x86.ActiveCfg = Debug|Win32
		{67D72E6E-D316-4965-8200-0D4BA06FA134}.Debug|x86.Build.0 = Debug|Win32
		{67D72E6E-D316-4965-8200-0D4BA06FA134}.Release|x64.ActiveCfg = Release|x64
		{67D72E6E-D316-4965-8200-0D4BA06FA134}.Release|x64.Build.0 = Release|x64
		{67D72E6E-D316-4965-8200-0D4BA06FA134}.Release|x86.ActiveCfg = Release|Win32
		{67D72E6E-D316-4965-8200-0D4BA06FA134}.Release|x86.Build.0 = Release|Win32
		{FEFB4EC5-EA85-4FA8-BDFE-4E9C3A518478}.Debug|x64.ActiveCfg = Debug|x64
		{FEFB4EC5-EA85-4FA8-BDFE-4E9C3A518478}.Debug|x64.Build.0 = Debug|x64
		{FEFB4EC5-EA85-4FA8-BDFE-4E9C3A518478}.Debug|x86.ActiveCfg = Debug|Win32
		{FEFB4EC5-EA85-4FA8-BDFE-4E9C3A518478}.Debug|x86.Build.0 = Debug|Win32
		{FEFB4EC5-EA85-4FA8-BDFE-4E9C3A518478}.Release|x64.ActiveCfg = Release|x64
		{FEFB4EC5-EA85-4FA8-BDFE-4E9C3A518478}.Release|x64.Build.0 = Release|x64
		{FEFB4EC5-EA85-4FA8-BDFE-4E9C3A518478}.Release|x86.ActiveCfg = Release|Win32
		{FEFB4EC5-EA85-4FA8-BDFE-4E9C3A518478}.Release|x86.Build.0 = Release|Win32
	EndGlobalSection
	GlobalSection(SolutionProperties) = preSolution
		HideSolutionNode = FALSE
	EndGlobalSection
	GlobalSection(NestedProjects) = preSolution
		{287B5B14-4942-489E-9A30-570B24B7B9CC} = {721A6B1A-C513-466A-8528-C0A0EC633749}
		{AC05B945-C30F-44ED-8880-81F3FF8BD225} = {721A6B1A-C513-466A-8528-C0A0EC633749}
		{1D481E94-B406-467A-B95D-6EE5CB01AE63} = {A14FA8F2-BE15-47B8-ADE9-EA6D2BB9DD12}
		{B1FB7EA7-F0A2-4E88-B0AA-1A9F7D188A8D} = {A14FA8F2-BE15-47B8-ADE9-EA6D2BB9DD12}
		{D12FB4EE-DA31-48C6-90A4-632E8378CE80} = {AC05B945-C30F-44ED-8880-81F3FF8BD225}
		{1525932D-9C37-4631-9F9E-B4244A75EEC3} = {287B5B14-4942-489E-9A30-570B24B7B9CC}
		{67D72E6E-D316-4965-8200-0D4BA06FA134} = {1D481E94-B406-467A-B95D-6EE5CB01AE63}
		{FEFB4EC5-EA85-4FA8-BDFE-4E9C3A518478} = {B1FB7EA7-F0A2-4E88-B0AA-1A9F7D188A8D}
	EndGlobalSection
EndGlobal
